
Microsoft Visual Studio Solution File, Format Version 12.00
# Visual Studio Version 17
VisualStudioVersion = 17.0.31903.59
MinimumVisualStudioVersion = 10.0.40219.1
Project("{FAE04EC0-301F-11D3-BF4B-00C04F79EFBC}") = "CargoManagementSystem", "CargoManagementSystem\CargoManagementSystem.csproj", "{3677A6A7-EE90-4C0B-AAA1-F5E459432391}"
EndProject
Global
	GlobalSection(SolutionConfigurationPlatforms) = preSolution
		Debug|Any CPU = Debug|Any CPU
		Release|Any CPU = Release|Any CPU
	EndGlobalSection
	GlobalSection(ProjectConfigurationPlatforms) = postSolution
		{3677A6A7-EE90-4C0B-AAA1-F5E459432391}.Debug|Any CPU.ActiveCfg = Debug|Any CPU
		{3677A6A7-EE90-4C0B-AAA1-F5E459432391}.Debug|Any CPU.Build.0 = Debug|Any CPU
		{3677A6A7-EE90-4C0B-AAA1-F5E459432391}.Release|Any CPU.ActiveCfg = Release|Any CPU
		{3677A6A7-EE90-4C0B-AAA1-F5E459432391}.Release|Any CPU.Build.0 = Release|Any CPU
	EndGlobalSection
	GlobalSection(SolutionProperties) = preSolution
		HideSolutionNode = FALSE
	EndGlobalSection
	GlobalSection(ExtensibilityGlobals) = postSolution
		SolutionGuid = {7E2C0EDC-7F74-418C-B97A-038610AD4C29}
	EndGlobalSection
EndGlobal
